
Microsoft Visual Studio Solution File, Format Version 12.00
# Visual Studio Version 16
VisualStudioVersion = 16.0.32510.428
MinimumVisualStudioVersion = 10.0.40219.1
Project("{FAE04EC0-301F-11D3-BF4B-00C04F79EFBC}") = "Calculator", "Calculator\Calculator.csproj", "{659C2508-101E-44CD-95A9-418732E43702}"
EndProject
Project("{FAE04EC0-301F-11D3-BF4B-00C04F79EFBC}") = "Calc_Testing", "Calc_Testing\Calc_Testing.csproj", "{EAC9162B-76B6-4DE3-89F7-D6ADD635B472}"
EndProject
Global
	GlobalSection(SolutionConfigurationPlatforms) = preSolution
		Debug|Any CPU = Debug|Any CPU
		Release|Any CPU = Release|Any CPU
	EndGlobalSection
	GlobalSection(ProjectConfigurationPlatforms) = postSolution
		{659C2508-101E-44CD-95A9-418732E43702}.Debug|Any CPU.ActiveCfg = Debug|Any CPU
		{659C2508-101E-44CD-95A9-418732E43702}.Debug|Any CPU.Build.0 = Debug|Any CPU
		{659C2508-101E-44CD-95A9-418732E43702}.Release|Any CPU.ActiveCfg = Release|Any CPU
		{659C2508-101E-44CD-95A9-418732E43702}.Release|Any CPU.Build.0 = Release|Any CPU
		{EAC9162B-76B6-4DE3-89F7-D6ADD635B472}.Debug|Any CPU.ActiveCfg = Debug|Any CPU
		{EAC9162B-76B6-4DE3-89F7-D6ADD635B472}.Debug|Any CPU.Build.0 = Debug|Any CPU
		{EAC9162B-76B6-4DE3-89F7-D6ADD635B472}.Release|Any CPU.ActiveCfg = Release|Any CPU
		{EAC9162B-76B6-4DE3-89F7-D6ADD635B472}.Release|Any CPU.Build.0 = Release|Any CPU
	EndGlobalSection
	GlobalSection(SolutionProperties) = preSolution
		HideSolutionNode = FALSE
	EndGlobalSection
	GlobalSection(ExtensibilityGlobals) = postSolution
		SolutionGuid = {0D6DB750-2580-4BA6-9FC5-F228CBC7DC17}
	EndGlobalSection
EndGlobal
